
Microsoft Visual Studio Solution File, Format Version 12.00
# Visual Studio 2012
Project("{FAE04EC0-301F-11D3-BF4B-00C04F79EFBC}") = "AutoGridDemo", "AutoGridDemo\AutoGridDemo.csproj", "{1480F7B5-2E34-420B-95E2-F2028943EF47}"
EndProject
Project("{FAE04EC0-301F-11D3-BF4B-00C04F79EFBC}") = "AutoGridTests", "AutoGridTests\AutoGridTests.csproj", "{69EB8F54-CBB8-4CE6-A84C-F198956945CB}"
EndProject
Global
	GlobalSection(SolutionConfigurationPlatforms) = preSolution
		Debug|Any CPU = Debug|Any CPU
		Release|Any CPU = Release|Any CPU
	EndGlobalSection
	GlobalSection(ProjectConfigurationPlatforms) = postSolution
		{1480F7B5-2E34-420B-95E2-F2028943EF47}.Debug|Any CPU.ActiveCfg = Debug|Any CPU
		{1480F7B5-2E34-420B-95E2-F2028943EF47}.Debug|Any CPU.Build.0 = Debug|Any CPU
		{1480F7B5-2E34-420B-95E2-F2028943EF47}.Release|Any CPU.ActiveCfg = Release|Any CPU
		{1480F7B5-2E34-420B-95E2-F2028943EF47}.Release|Any CPU.Build.0 = Release|Any CPU
		{69EB8F54-CBB8-4CE6-A84C-F198956945CB}.Debug|Any CPU.ActiveCfg = Debug|Any CPU
		{69EB8F54-CBB8-4CE6-A84C-F198956945CB}.Debug|Any CPU.Build.0 = Debug|Any CPU
		{69EB8F54-CBB8-4CE6-A84C-F198956945CB}.Release|Any CPU.ActiveCfg = Release|Any CPU
		{69EB8F54-CBB8-4CE6-A84C-F198956945CB}.Release|Any CPU.Build.0 = Release|Any CPU
	EndGlobalSection
	GlobalSection(SolutionProperties) = preSolution
		HideSolutionNode = FALSE
	EndGlobalSection
EndGlobal
